
Microsoft Visual Studio Solution File, Format Version 12.00
# Visual Studio Version 17
VisualStudioVersion = 17.1.32210.238
MinimumVisualStudioVersion = 10.0.40219.1
Project("{9A19103F-16F7-4668-BE54-9A1E7A4F7556}") = "JobShopAPI", "Trab_CD\JobShopAPI.csproj", "{49C28148-FE99-4C7B-9CA9-1CB1C52526D4}"
EndProject
Project("{9A19103F-16F7-4668-BE54-9A1E7A4F7556}") = "AlgoritimoOtimizacao", "AlgoritimoOtimizacao\AlgoritimoOtimizacao.csproj", "{38E0EE2E-7419-4B69-999D-5EAF2C34CBAA}"
EndProject
Project("{9A19103F-16F7-4668-BE54-9A1E7A4F7556}") = "JobShopWeb", "JobShopWeb\JobShopWeb.csproj", "{FA042148-3899-4327-A81F-93F79687E22B}"
EndProject
Project("{2150E333-8FDC-42A3-9474-1A3956D46DE8}") = "Solution Items", "Solution Items", "{EF788A05-5834-4302-84ED-037CAB3AC1E9}"
	ProjectSection(SolutionItems) = preProject
		.editorconfig = .editorconfig
	EndProjectSection
EndProject
Global
	GlobalSection(SolutionConfigurationPlatforms) = preSolution
		Debug|Any CPU = Debug|Any CPU
		Release|Any CPU = Release|Any CPU
	EndGlobalSection
	GlobalSection(ProjectConfigurationPlatforms) = postSolution
		{49C28148-FE99-4C7B-9CA9-1CB1C52526D4}.Debug|Any CPU.ActiveCfg = Debug|Any CPU
		{49C28148-FE99-4C7B-9CA9-1CB1C52526D4}.Debug|Any CPU.Build.0 = Debug|Any CPU
		{49C28148-FE99-4C7B-9CA9-1CB1C52526D4}.Release|Any CPU.ActiveCfg = Release|Any CPU
		{49C28148-FE99-4C7B-9CA9-1CB1C52526D4}.Release|Any CPU.Build.0 = Release|Any CPU
		{38E0EE2E-7419-4B69-999D-5EAF2C34CBAA}.Debug|Any CPU.ActiveCfg = Debug|Any CPU
		{38E0EE2E-7419-4B69-999D-5EAF2C34CBAA}.Debug|Any CPU.Build.0 = Debug|Any CPU
		{38E0EE2E-7419-4B69-999D-5EAF2C34CBAA}.Release|Any CPU.ActiveCfg = Release|Any CPU
		{38E0EE2E-7419-4B69-999D-5EAF2C34CBAA}.Release|Any CPU.Build.0 = Release|Any CPU
		{FA042148-3899-4327-A81F-93F79687E22B}.Debug|Any CPU.ActiveCfg = Debug|Any CPU
		{FA042148-3899-4327-A81F-93F79687E22B}.Debug|Any CPU.Build.0 = Debug|Any CPU
		{FA042148-3899-4327-A81F-93F79687E22B}.Release|Any CPU.ActiveCfg = Release|Any CPU
		{FA042148-3899-4327-A81F-93F79687E22B}.Release|Any CPU.Build.0 = Release|Any CPU
	EndGlobalSection
	GlobalSection(SolutionProperties) = preSolution
		HideSolutionNode = FALSE
	EndGlobalSection
	GlobalSection(ExtensibilityGlobals) = postSolution
		SolutionGuid = {DFEA4CA3-295D-492F-A811-4CC5A094E55D}
	EndGlobalSection
EndGlobal
